
Microsoft Visual Studio Solution File, Format Version 12.00
# Visual Studio 14
VisualStudioVersion = 14.0.22823.1
MinimumVisualStudioVersion = 10.0.40219.1
Project("{FAE04EC0-301F-11D3-BF4B-00C04F79EFBC}") = "SQLDashboard", "SQLDashboard\SQLDashboard.csproj", "{BE6A50C9-3975-44B8-8AD2-87D43E0C6A38}"
EndProject
Project("{FAE04EC0-301F-11D3-BF4B-00C04F79EFBC}") = "SQLDashboard.Azure.Storage", "SQLDashboard.Azure.Storage\SQLDashboard.Azure.Storage.csproj", "{FD465FC8-B769-46B9-83D6-6A9DB2EFEC7A}"
EndProject
Global
	GlobalSection(SolutionConfigurationPlatforms) = preSolution
		Debug|Any CPU = Debug|Any CPU
		Release|Any CPU = Release|Any CPU
	EndGlobalSection
	GlobalSection(ProjectConfigurationPlatforms) = postSolution
		{BE6A50C9-3975-44B8-8AD2-87D43E0C6A38}.Debug|Any CPU.ActiveCfg = Debug|Any CPU
		{BE6A50C9-3975-44B8-8AD2-87D43E0C6A38}.Debug|Any CPU.Build.0 = Debug|Any CPU
		{BE6A50C9-3975-44B8-8AD2-87D43E0C6A38}.Release|Any CPU.ActiveCfg = Release|Any CPU
		{BE6A50C9-3975-44B8-8AD2-87D43E0C6A38}.Release|Any CPU.Build.0 = Release|Any CPU
		{FD465FC8-B769-46B9-83D6-6A9DB2EFEC7A}.Debug|Any CPU.ActiveCfg = Debug|Any CPU
		{FD465FC8-B769-46B9-83D6-6A9DB2EFEC7A}.Debug|Any CPU.Build.0 = Debug|Any CPU
		{FD465FC8-B769-46B9-83D6-6A9DB2EFEC7A}.Release|Any CPU.ActiveCfg = Release|Any CPU
		{FD465FC8-B769-46B9-83D6-6A9DB2EFEC7A}.Release|Any CPU.Build.0 = Release|Any CPU
	EndGlobalSection
	GlobalSection(SolutionProperties) = preSolution
		HideSolutionNode = FALSE
	EndGlobalSection
EndGlobal
